
Microsoft Visual Studio Solution File, Format Version 12.00
# Visual Studio Version 16
VisualStudioVersion = 16.0.28803.202
MinimumVisualStudioVersion = 10.0.40219.1
Project("{FAE04EC0-301F-11D3-BF4B-00C04F79EFBC}") = "Rac1Cv8", "Rac1Cv8\Rac1Cv8.csproj", "{673B62B2-B4B5-4F56-8EAE-BCB4A2307500}"
EndProject
Global
	GlobalSection(SolutionConfigurationPlatforms) = preSolution
		Debug|Any CPU = Debug|Any CPU
		Release|Any CPU = Release|Any CPU
	EndGlobalSection
	GlobalSection(ProjectConfigurationPlatforms) = postSolution
		{673B62B2-B4B5-4F56-8EAE-BCB4A2307500}.Debug|Any CPU.ActiveCfg = Debug|Any CPU
		{673B62B2-B4B5-4F56-8EAE-BCB4A2307500}.Debug|Any CPU.Build.0 = Debug|Any CPU
		{673B62B2-B4B5-4F56-8EAE-BCB4A2307500}.Release|Any CPU.ActiveCfg = Release|Any CPU
		{673B62B2-B4B5-4F56-8EAE-BCB4A2307500}.Release|Any CPU.Build.0 = Release|Any CPU
	EndGlobalSection
	GlobalSection(SolutionProperties) = preSolution
		HideSolutionNode = FALSE
	EndGlobalSection
	GlobalSection(ExtensibilityGlobals) = postSolution
		SolutionGuid = {EE06E92F-C0C8-4255-8B01-CEE78C7A108A}
	EndGlobalSection
EndGlobal
